// !$*UTF8*$!
{
	archiveVersion = 1;
	classes = {
	};
	objectVersion = 46;
	objects = {

/* Begin PBXBuildFile section */
		8C177BAF193E24C10063489E /* FXBlurView.m in Sources */ = {isa = PBXBuildFile; fileRef = 8C177BAE193E24C10063489E /* FXBlurView.m */; };
		8C2530341940803A00165FFE /* DouFMSettingController.m in Sources */ = {isa = PBXBuildFile; fileRef = 8C2530331940803A00165FFE /* DouFMSettingController.m */; };
		8C3690751917E4AB00264891 /* DOUAudioAnalyzer.m in Sources */ = {isa = PBXBuildFile; fileRef = 8C36904D1917E4AB00264891 /* DOUAudioAnalyzer.m */; };
		8C3690761917E4AB00264891 /* DOUAudioAnalyzer+Default.m in Sources */ = {isa = PBXBuildFile; fileRef = 8C36904F1917E4AB00264891 /* DOUAudioAnalyzer+Default.m */; };
		8C3690771917E4AB00264891 /* DOUAudioDecoder.m in Sources */ = {isa = PBXBuildFile; fileRef = 8C3690521917E4AB00264891 /* DOUAudioDecoder.m */; };
		8C3690781917E4AB00264891 /* DOUAudioEventLoop.m in Sources */ = {isa = PBXBuildFile; fileRef = 8C3690541917E4AB00264891 /* DOUAudioEventLoop.m */; };
		8C3690791917E4AB00264891 /* DOUAudioFilePreprocessor.m in Sources */ = {isa = PBXBuildFile; fileRef = 8C3690571917E4AB00264891 /* DOUAudioFilePreprocessor.m */; };
		8C36907A1917E4AB00264891 /* DOUAudioFileProvider.m in Sources */ = {isa = PBXBuildFile; fileRef = 8C3690591917E4AB00264891 /* DOUAudioFileProvider.m */; };
		8C36907B1917E4AB00264891 /* DOUAudioFrequencyAnalyzer.m in Sources */ = {isa = PBXBuildFile; fileRef = 8C36905B1917E4AB00264891 /* DOUAudioFrequencyAnalyzer.m */; };
		8C36907C1917E4AB00264891 /* DOUAudioLPCM.m in Sources */ = {isa = PBXBuildFile; fileRef = 8C36905D1917E4AB00264891 /* DOUAudioLPCM.m */; };
		8C36907D1917E4AB00264891 /* DOUAudioPlaybackItem.m in Sources */ = {isa = PBXBuildFile; fileRef = 8C36905F1917E4AB00264891 /* DOUAudioPlaybackItem.m */; };
		8C36907E1917E4AB00264891 /* DOUAudioRenderer.m in Sources */ = {isa = PBXBuildFile; fileRef = 8C3690611917E4AB00264891 /* DOUAudioRenderer.m */; };
		8C36907F1917E4AB00264891 /* DOUAudioSpatialAnalyzer.m in Sources */ = {isa = PBXBuildFile; fileRef = 8C3690631917E4AB00264891 /* DOUAudioSpatialAnalyzer.m */; };
		8C3690801917E4AB00264891 /* DOUAudioStreamer.m in Sources */ = {isa = PBXBuildFile; fileRef = 8C3690661917E4AB00264891 /* DOUAudioStreamer.m */; };
		8C3690811917E4AB00264891 /* DOUAudioStreamer+Options.m in Sources */ = {isa = PBXBuildFile; fileRef = 8C3690681917E4AB00264891 /* DOUAudioStreamer+Options.m */; };
		8C3690821917E4AB00264891 /* DOUAudioVisualizer.m in Sources */ = {isa = PBXBuildFile; fileRef = 8C36906A1917E4AB00264891 /* DOUAudioVisualizer.m */; };
		8C3690831917E4AB00264891 /* DOUEAGL1View.m in Sources */ = {isa = PBXBuildFile; fileRef = 8C36906C1917E4AB00264891 /* DOUEAGL1View.m */; };
		8C3690841917E4AB00264891 /* DOUEAGLView.m in Sources */ = {isa = PBXBuildFile; fileRef = 8C36906E1917E4AB00264891 /* DOUEAGLView.m */; };
		8C3690851917E4AB00264891 /* DOUMPMediaLibraryAssetLoader.m in Sources */ = {isa = PBXBuildFile; fileRef = 8C3690701917E4AB00264891 /* DOUMPMediaLibraryAssetLoader.m */; };
		8C3690861917E4AB00264891 /* DOUSimpleHTTPRequest.m in Sources */ = {isa = PBXBuildFile; fileRef = 8C3690721917E4AB00264891 /* DOUSimpleHTTPRequest.m */; };
		8C3690871917E4AB00264891 /* NSData+DOUMappedFile.m in Sources */ = {isa = PBXBuildFile; fileRef = 8C3690741917E4AB00264891 /* NSData+DOUMappedFile.m */; };
		8C36909C1918D25400264891 /* NSData+Base64.m in Sources */ = {isa = PBXBuildFile; fileRef = 8C36908B1918D25400264891 /* NSData+Base64.m */; };
		8C36909D1918D25400264891 /* NSDate+RFC1123.m in Sources */ = {isa = PBXBuildFile; fileRef = 8C36908D1918D25400264891 /* NSDate+RFC1123.m */; };
		8C36909E1918D25400264891 /* NSDictionary+RequestEncoding.m in Sources */ = {isa = PBXBuildFile; fileRef = 8C36908F1918D25400264891 /* NSDictionary+RequestEncoding.m */; };
		8C36909F1918D25400264891 /* NSString+MKNetworkKitAdditions.m in Sources */ = {isa = PBXBuildFile; fileRef = 8C3690911918D25400264891 /* NSString+MKNetworkKitAdditions.m */; };
		8C3690A01918D25400264891 /* UIAlertView+MKNetworkKitAdditions.m in Sources */ = {isa = PBXBuildFile; fileRef = 8C3690931918D25400264891 /* UIAlertView+MKNetworkKitAdditions.m */; };
		8C3690A11918D25400264891 /* MKNetworkEngine.m in Sources */ = {isa = PBXBuildFile; fileRef = 8C3690951918D25400264891 /* MKNetworkEngine.m */; };
		8C3690A21918D25400264891 /* MKNetworkOperation.m in Sources */ = {isa = PBXBuildFile; fileRef = 8C3690981918D25400264891 /* MKNetworkOperation.m */; };
		8C3690A31918D25400264891 /* Reachability.m in Sources */ = {isa = PBXBuildFile; fileRef = 8C36909B1918D25400264891 /* Reachability.m */; };
		8C3690A71918D83500264891 /* JSONModel.m in Sources */ = {isa = PBXBuildFile; fileRef = 8C3690A61918D83500264891 /* JSONModel.m */; };
		8C3690AA1918DAEB00264891 /* SongItem.m in Sources */ = {isa = PBXBuildFile; fileRef = 8C3690A91918DAEB00264891 /* SongItem.m */; };
		8C3690B01919072A00264891 /* RESTfulEngine.m in Sources */ = {isa = PBXBuildFile; fileRef = 8C3690AF1919072A00264891 /* RESTfulEngine.m */; };
		8C3690B31919076B00264891 /* RESTfulOperation.m in Sources */ = {isa = PBXBuildFile; fileRef = 8C3690B21919076B00264891 /* RESTfulOperation.m */; };
		8C3690B61919309600264891 /* PlayList.m in Sources */ = {isa = PBXBuildFile; fileRef = 8C3690B51919309600264891 /* PlayList.m */; };
		8C3690BB191A001B00264891 /* AVFoundation.framework in Frameworks */ = {isa = PBXBuildFile; fileRef = 8C3690BA191A001B00264891 /* AVFoundation.framework */; };
		8C3690BD191A004100264891 /* MediaPlayer.framework in Frameworks */ = {isa = PBXBuildFile; fileRef = 8C3690BC191A004100264891 /* MediaPlayer.framework */; };
		8C3690BF191A004F00264891 /* CFNetwork.framework in Frameworks */ = {isa = PBXBuildFile; fileRef = 8C3690BE191A004F00264891 /* CFNetwork.framework */; };
		8C3690C1191A005700264891 /* CoreAudio.framework in Frameworks */ = {isa = PBXBuildFile; fileRef = 8C3690C0191A005700264891 /* CoreAudio.framework */; };
		8C3690C3191A005F00264891 /* AudioToolbox.framework in Frameworks */ = {isa = PBXBuildFile; fileRef = 8C3690C2191A005F00264891 /* AudioToolbox.framework */; };
		8C3690C8191A6BC200264891 /* RCApplication.m in Sources */ = {isa = PBXBuildFile; fileRef = 8C3690C7191A6BC200264891 /* RCApplication.m */; };
		8C3690E7191B14CD00264891 /* MKAnnotationView+WebCache.m in Sources */ = {isa = PBXBuildFile; fileRef = 8C3690CB191B14CD00264891 /* MKAnnotationView+WebCache.m */; };
		8C3690E8191B14CD00264891 /* NSData+ImageContentType.m in Sources */ = {isa = PBXBuildFile; fileRef = 8C3690CD191B14CD00264891 /* NSData+ImageContentType.m */; };
		8C3690E9191B14CD00264891 /* SDImageCache.m in Sources */ = {isa = PBXBuildFile; fileRef = 8C3690CF191B14CD00264891 /* SDImageCache.m */; };
		8C3690EA191B14CD00264891 /* SDWebImageCompat.m in Sources */ = {isa = PBXBuildFile; fileRef = 8C3690D1191B14CD00264891 /* SDWebImageCompat.m */; };
		8C3690EB191B14CD00264891 /* SDWebImageDecoder.m in Sources */ = {isa = PBXBuildFile; fileRef = 8C3690D3191B14CD00264891 /* SDWebImageDecoder.m */; };
		8C3690EC191B14CD00264891 /* SDWebImageDownloader.m in Sources */ = {isa = PBXBuildFile; fileRef = 8C3690D5191B14CD00264891 /* SDWebImageDownloader.m */; };
		8C3690ED191B14CD00264891 /* SDWebImageDownloaderOperation.m in Sources */ = {isa = PBXBuildFile; fileRef = 8C3690D7191B14CD00264891 /* SDWebImageDownloaderOperation.m */; };
		8C3690EE191B14CD00264891 /* SDWebImageManager.m in Sources */ = {isa = PBXBuildFile; fileRef = 8C3690D9191B14CD00264891 /* SDWebImageManager.m */; };
		8C3690EF191B14CD00264891 /* SDWebImagePrefetcher.m in Sources */ = {isa = PBXBuildFile; fileRef = 8C3690DC191B14CD00264891 /* SDWebImagePrefetcher.m */; };
		8C3690F0191B14CD00264891 /* UIButton+WebCache.m in Sources */ = {isa = PBXBuildFile; fileRef = 8C3690DE191B14CD00264891 /* UIButton+WebCache.m */; };
		8C3690F1191B14CD00264891 /* UIImage+GIF.m in Sources */ = {isa = PBXBuildFile; fileRef = 8C3690E0191B14CD00264891 /* UIImage+GIF.m */; };
		8C3690F2191B14CD00264891 /* UIImage+MultiFormat.m in Sources */ = {isa = PBXBuildFile; fileRef = 8C3690E2191B14CD00264891 /* UIImage+MultiFormat.m */; };
		8C3690F3191B14CD00264891 /* UIImage+WebP.m in Sources */ = {isa = PBXBuildFile; fileRef = 8C3690E4191B14CD00264891 /* UIImage+WebP.m */; };
		8C3690F4191B14CD00264891 /* UIImageView+WebCache.m in Sources */ = {isa = PBXBuildFile; fileRef = 8C3690E6191B14CD00264891 /* UIImageView+WebCache.m */; };
		8C3762801940B80800A26087 /* UsageDescription.html in Resources */ = {isa = PBXBuildFile; fileRef = 8C37627F1940B80800A26087 /* UsageDescription.html */; };
		8C3762821940C12300A26087 /* AboutUs.html in Resources */ = {isa = PBXBuildFile; fileRef = 8C3762811940C12200A26087 /* AboutUs.html */; };
		8C3762841940C2CB00A26087 /* MessageUI.framework in Frameworks */ = {isa = PBXBuildFile; fileRef = 8C3762831940C2CB00A26087 /* MessageUI.framework */; };
		8C9D8403190E54EC0095D6D4 /* Foundation.framework in Frameworks */ = {isa = PBXBuildFile; fileRef = 8C9D8402190E54EC0095D6D4 /* Foundation.framework */; };
		8C9D8405190E54EC0095D6D4 /* CoreGraphics.framework in Frameworks */ = {isa = PBXBuildFile; fileRef = 8C9D8404190E54EC0095D6D4 /* CoreGraphics.framework */; };
		8C9D8407190E54EC0095D6D4 /* UIKit.framework in Frameworks */ = {isa = PBXBuildFile; fileRef = 8C9D8406190E54EC0095D6D4 /* UIKit.framework */; };
		8C9D840D190E54EC0095D6D4 /* InfoPlist.strings in Resources */ = {isa = PBXBuildFile; fileRef = 8C9D840B190E54EC0095D6D4 /* InfoPlist.strings */; };
		8C9D840F190E54EC0095D6D4 /* main.m in Sources */ = {isa = PBXBuildFile; fileRef = 8C9D840E190E54EC0095D6D4 /* main.m */; };
		8C9D8413190E54EC0095D6D4 /* AppDelegate.m in Sources */ = {isa = PBXBuildFile; fileRef = 8C9D8412190E54EC0095D6D4 /* AppDelegate.m */; };
		8C9D8416190E54EC0095D6D4 /* Main.storyboard in Resources */ = {isa = PBXBuildFile; fileRef = 8C9D8414190E54EC0095D6D4 /* Main.storyboard */; };
		8C9D841B190E54EC0095D6D4 /* Images.xcassets in Resources */ = {isa = PBXBuildFile; fileRef = 8C9D841A190E54EC0095D6D4 /* Images.xcassets */; };
		8C9D8422190E54EC0095D6D4 /* XCTest.framework in Frameworks */ = {isa = PBXBuildFile; fileRef = 8C9D8421190E54EC0095D6D4 /* XCTest.framework */; };
		8C9D8423190E54EC0095D6D4 /* Foundation.framework in Frameworks */ = {isa = PBXBuildFile; fileRef = 8C9D8402190E54EC0095D6D4 /* Foundation.framework */; };
		8C9D8424190E54EC0095D6D4 /* UIKit.framework in Frameworks */ = {isa = PBXBuildFile; fileRef = 8C9D8406190E54EC0095D6D4 /* UIKit.framework */; };
		8C9D842C190E54EC0095D6D4 /* InfoPlist.strings in Resources */ = {isa = PBXBuildFile; fileRef = 8C9D842A190E54EC0095D6D4 /* InfoPlist.strings */; };
		8C9D842E190E54EC0095D6D4 /* DouFmTests.m in Sources */ = {isa = PBXBuildFile; fileRef = 8C9D842D190E54EC0095D6D4 /* DouFmTests.m */; };
		8C9D843E190E55AC0095D6D4 /* RECommonFunctions.m in Sources */ = {isa = PBXBuildFile; fileRef = 8C9D8439190E55AC0095D6D4 /* RECommonFunctions.m */; };
		8C9D843F190E55AC0095D6D4 /* RESideMenu.m in Sources */ = {isa = PBXBuildFile; fileRef = 8C9D843B190E55AC0095D6D4 /* RESideMenu.m */; };
		8C9D8440190E55AC0095D6D4 /* UIViewController+RESideMenu.m in Sources */ = {isa = PBXBuildFile; fileRef = 8C9D843D190E55AC0095D6D4 /* UIViewController+RESideMenu.m */; };
		8C9D8444190E61450095D6D4 /* DouFMRooterViewController.m in Sources */ = {isa = PBXBuildFile; fileRef = 8C9D8443190E61450095D6D4 /* DouFMRooterViewController.m */; };
		8C9D8447190E63970095D6D4 /* DouFMLeftViewController.m in Sources */ = {isa = PBXBuildFile; fileRef = 8C9D8446190E63970095D6D4 /* DouFMLeftViewController.m */; };
		8C9D844A190E63E60095D6D4 /* DouFMContentViewController.m in Sources */ = {isa = PBXBuildFile; fileRef = 8C9D8449190E63E60095D6D4 /* DouFMContentViewController.m */; };
		8CB7C53E193F62E500E9046C /* JingRoundView.m in Sources */ = {isa = PBXBuildFile; fileRef = 8CB7C53B193F62E500E9046C /* JingRoundView.m */; };
		8CB7C541194009F900E9046C /* DouFMCollectionCell.m in Sources */ = {isa = PBXBuildFile; fileRef = 8CB7C540194009F900E9046C /* DouFMCollectionCell.m */; };
/* End PBXBuildFile section */

/* Begin PBXContainerItemProxy section */
		8C9D8425190E54EC0095D6D4 /* PBXContainerItemProxy */ = {
			isa = PBXContainerItemProxy;
			containerPortal = 8C9D83F7190E54EB0095D6D4 /* Project object */;
			proxyType = 1;
			remoteGlobalIDString = 8C9D83FE190E54EB0095D6D4;
			remoteInfo = DouFm;
		};
/* End PBXContainerItemProxy section */

/* Begin PBXFileReference section */
		8C177BAD193E24C10063489E /* FXBlurView.h */ = {isa = PBXFileReference; fileEncoding = 4; lastKnownFileType = sourcecode.c.h; path = FXBlurView.h; sourceTree = "<group>"; };
		8C177BAE193E24C10063489E /* FXBlurView.m */ = {isa = PBXFileReference; fileEncoding = 4; lastKnownFileType = sourcecode.c.objc; path = FXBlurView.m; sourceTree = "<group>"; };
		8C2530321940803A00165FFE /* DouFMSettingController.h */ = {isa = PBXFileReference; fileEncoding = 4; lastKnownFileType = sourcecode.c.h; path = DouFMSettingController.h; sourceTree = "<group>"; };
		8C2530331940803A00165FFE /* DouFMSettingController.m */ = {isa = PBXFileReference; fileEncoding = 4; lastKnownFileType = sourcecode.c.objc; path = DouFMSettingController.m; sourceTree = "<group>"; };
		8C36904B1917E4AB00264891 /* DOUAudioAnalyzer_Private.h */ = {isa = PBXFileReference; fileEncoding = 4; lastKnownFileType = sourcecode.c.h; name = DOUAudioAnalyzer_Private.h; path = "../../ 一些好的iOS开源东东/DOUAudioStreamer-master/DOUAudioStreamer-master/src/DOUAudioAnalyzer_Private.h"; sourceTree = "<group>"; };
		8C36904C1917E4AB00264891 /* DOUAudioAnalyzer.h */ = {isa = PBXFileReference; fileEncoding = 4; lastKnownFileType = sourcecode.c.h; name = DOUAudioAnalyzer.h; path = "../../ 一些好的iOS开源东东/DOUAudioStreamer-master/DOUAudioStreamer-master/src/DOUAudioAnalyzer.h"; sourceTree = "<group>"; };
		8C36904D1917E4AB00264891 /* DOUAudioAnalyzer.m */ = {isa = PBXFileReference; fileEncoding = 4; lastKnownFileType = sourcecode.c.objc; name = DOUAudioAnalyzer.m; path = "../../ 一些好的iOS开源东东/DOUAudioStreamer-master/DOUAudioStreamer-master/src/DOUAudioAnalyzer.m"; sourceTree = "<group>"; };
		8C36904E1917E4AB00264891 /* DOUAudioAnalyzer+Default.h */ = {isa = PBXFileReference; fileEncoding = 4; lastKnownFileType = sourcecode.c.h; name = "DOUAudioAnalyzer+Default.h"; path = "../../ 一些好的iOS开源东东/DOUAudioStreamer-master/DOUAudioStreamer-master/src/DOUAudioAnalyzer+Default.h"; sourceTree = "<group>"; };
		8C36904F1917E4AB00264891 /* DOUAudioAnalyzer+Default.m */ = {isa = PBXFileReference; fileEncoding = 4; lastKnownFileType = sourcecode.c.objc; name = "DOUAudioAnalyzer+Default.m"; path = "../../ 一些好的iOS开源东东/DOUAudioStreamer-master/DOUAudioStreamer-master/src/DOUAudioAnalyzer+Default.m"; sourceTree = "<group>"; };
		8C3690501917E4AB00264891 /* DOUAudioBase.h */ = {isa = PBXFileReference; fileEncoding = 4; lastKnownFileType = sourcecode.c.h; name = DOUAudioBase.h; path = "../../ 一些好的iOS开源东东/DOUAudioStreamer-master/DOUAudioStreamer-master/src/DOUAudioBase.h"; sourceTree = "<group>"; };
		8C3690511917E4AB00264891 /* DOUAudioDecoder.h */ = {isa = PBXFileReference; fileEncoding = 4; lastKnownFileType = sourcecode.c.h; name = DOUAudioDecoder.h; path = "../../ 一些好的iOS开源东东/DOUAudioStreamer-master/DOUAudioStreamer-master/src/DOUAudioDecoder.h"; sourceTree = "<group>"; };
		8C3690521917E4AB00264891 /* DOUAudioDecoder.m */ = {isa = PBXFileReference; fileEncoding = 4; lastKnownFileType = sourcecode.c.objc; name = DOUAudioDecoder.m; path = "../../ 一些好的iOS开源东东/DOUAudioStreamer-master/DOUAudioStreamer-master/src/DOUAudioDecoder.m"; sourceTree = "<group>"; };
		8C3690531917E4AB00264891 /* DOUAudioEventLoop.h */ = {isa = PBXFileReference; fileEncoding = 4; lastKnownFileType = sourcecode.c.h; name = DOUAudioEventLoop.h; path = "../../ 一些好的iOS开源东东/DOUAudioStreamer-master/DOUAudioStreamer-master/src/DOUAudioEventLoop.h"; sourceTree = "<group>"; };
		8C3690541917E4AB00264891 /* DOUAudioEventLoop.m */ = {isa = PBXFileReference; fileEncoding = 4; lastKnownFileType = sourcecode.c.objc; name = DOUAudioEventLoop.m; path = "../../ 一些好的iOS开源东东/DOUAudioStreamer-master/DOUAudioStreamer-master/src/DOUAudioEventLoop.m"; sourceTree = "<group>"; };
		8C3690551917E4AB00264891 /* DOUAudioFile.h */ = {isa = PBXFileReference; fileEncoding = 4; lastKnownFileType = sourcecode.c.h; name = DOUAudioFile.h; path = "../../ 一些好的iOS开源东东/DOUAudioStreamer-master/DOUAudioStreamer-master/src/DOUAudioFile.h"; sourceTree = "<group>"; };
		8C3690561917E4AB00264891 /* DOUAudioFilePreprocessor.h */ = {isa = PBXFileReference; fileEncoding = 4; lastKnownFileType = sourcecode.c.h; name = DOUAudioFilePreprocessor.h; path = "../../ 一些好的iOS开源东东/DOUAudioStreamer-master/DOUAudioStreamer-master/src/DOUAudioFilePreprocessor.h"; sourceTree = "<group>"; };
		8C3690571917E4AB00264891 /* DOUAudioFilePreprocessor.m */ = {isa = PBXFileReference; fileEncoding = 4; lastKnownFileType = sourcecode.c.objc; name = DOUAudioFilePreprocessor.m; path = "../../ 一些好的iOS开源东东/DOUAudioStreamer-master/DOUAudioStreamer-master/src/DOUAudioFilePreprocessor.m"; sourceTree = "<group>"; };
		8C3690581917E4AB00264891 /* DOUAudioFileProvider.h */ = {isa = PBXFileReference; fileEncoding = 4; lastKnownFileType = sourcecode.c.h; name = DOUAudioFileProvider.h; path = "../../ 一些好的iOS开源东东/DOUAudioStreamer-master/DOUAudioStreamer-master/src/DOUAudioFileProvider.h"; sourceTree = "<group>"; };
		8C3690591917E4AB00264891 /* DOUAudioFileProvider.m */ = {isa = PBXFileReference; fileEncoding = 4; lastKnownFileType = sourcecode.c.objc; name = DOUAudioFileProvider.m; path = "../../ 一些好的iOS开源东东/DOUAudioStreamer-master/DOUAudioStreamer-master/src/DOUAudioFileProvider.m"; sourceTree = "<group>"; };
		8C36905A1917E4AB00264891 /* DOUAudioFrequencyAnalyzer.h */ = {isa = PBXFileReference; fileEncoding = 4; lastKnownFileType = sourcecode.c.h; name = DOUAudioFrequencyAnalyzer.h; path = "../../ 一些好的iOS开源东东/DOUAudioStreamer-master/DOUAudioStreamer-master/src/DOUAudioFrequencyAnalyzer.h"; sourceTree = "<group>"; };
		8C36905B1917E4AB00264891 /* DOUAudioFrequencyAnalyzer.m */ = {isa = PBXFileReference; fileEncoding = 4; lastKnownFileType = sourcecode.c.objc; name = DOUAudioFrequencyAnalyzer.m; path = "../../ 一些好的iOS开源东东/DOUAudioStreamer-master/DOUAudioStreamer-master/src/DOUAudioFrequencyAnalyzer.m"; sourceTree = "<group>"; };
		8C36905C1917E4AB00264891 /* DOUAudioLPCM.h */ = {isa = PBXFileReference; fileEncoding = 4; lastKnownFileType = sourcecode.c.h; name = DOUAudioLPCM.h; path = "../../ 一些好的iOS开源东东/DOUAudioStreamer-master/DOUAudioStreamer-master/src/DOUAudioLPCM.h"; sourceTree = "<group>"; };
		8C36905D1917E4AB00264891 /* DOUAudioLPCM.m */ = {isa = PBXFileReference; fileEncoding = 4; lastKnownFileType = sourcecode.c.objc; name = DOUAudioLPCM.m; path = "../../ 一些好的iOS开源东东/DOUAudioStreamer-master/DOUAudioStreamer-master/src/DOUAudioLPCM.m"; sourceTree = "<group>"; };
		8C36905E1917E4AB00264891 /* DOUAudioPlaybackItem.h */ = {isa = PBXFileReference; fileEncoding = 4; lastKnownFileType = sourcecode.c.h; name = DOUAudioPlaybackItem.h; path = "../../ 一些好的iOS开源东东/DOUAudioStreamer-master/DOUAudioStreamer-master/src/DOUAudioPlaybackItem.h"; sourceTree = "<group>"; };
		8C36905F1917E4AB00264891 /* DOUAudioPlaybackItem.m */ = {isa = PBXFileReference; fileEncoding = 4; lastKnownFileType = sourcecode.c.objc; name = DOUAudioPlaybackItem.m; path = "../../ 一些好的iOS开源东东/DOUAudioStreamer-master/DOUAudioStreamer-master/src/DOUAudioPlaybackItem.m"; sourceTree = "<group>"; };
		8C3690601917E4AB00264891 /* DOUAudioRenderer.h */ = {isa = PBXFileReference; fileEncoding = 4; lastKnownFileType = sourcecode.c.h; name = DOUAudioRenderer.h; path = "../../ 一些好的iOS开源东东/DOUAudioStreamer-master/DOUAudioStreamer-master/src/DOUAudioRenderer.h"; sourceTree = "<group>"; };
		8C3690611917E4AB00264891 /* DOUAudioRenderer.m */ = {isa = PBXFileReference; fileEncoding = 4; lastKnownFileType = sourcecode.c.objc; name = DOUAudioRenderer.m; path = "../../ 一些好的iOS开源东东/DOUAudioStreamer-master/DOUAudioStreamer-master/src/DOUAudioRenderer.m"; sourceTree = "<group>"; };
		8C3690621917E4AB00264891 /* DOUAudioSpatialAnalyzer.h */ = {isa = PBXFileReference; fileEncoding = 4; lastKnownFileType = sourcecode.c.h; name = DOUAudioSpatialAnalyzer.h; path = "../../ 一些好的iOS开源东东/DOUAudioStreamer-master/DOUAudioStreamer-master/src/DOUAudioSpatialAnalyzer.h"; sourceTree = "<group>"; };
		8C3690631917E4AB00264891 /* DOUAudioSpatialAnalyzer.m */ = {isa = PBXFileReference; fileEncoding = 4; lastKnownFileType = sourcecode.c.objc; name = DOUAudioSpatialAnalyzer.m; path = "../../ 一些好的iOS开源东东/DOUAudioStreamer-master/DOUAudioStreamer-master/src/DOUAudioSpatialAnalyzer.m"; sourceTree = "<group>"; };
		8C3690641917E4AB00264891 /* DOUAudioStreamer_Private.h */ = {isa = PBXFileReference; fileEncoding = 4; lastKnownFileType = sourcecode.c.h; name = DOUAudioStreamer_Private.h; path = "../../ 一些好的iOS开源东东/DOUAudioStreamer-master/DOUAudioStreamer-master/src/DOUAudioStreamer_Private.h"; sourceTree = "<group>"; };
		8C3690651917E4AB00264891 /* DOUAudioStreamer.h */ = {isa = PBXFileReference; fileEncoding = 4; lastKnownFileType = sourcecode.c.h; name = DOUAudioStreamer.h; path = "../../ 一些好的iOS开源东东/DOUAudioStreamer-master/DOUAudioStreamer-master/src/DOUAudioStreamer.h"; sourceTree = "<group>"; };
		8C3690661917E4AB00264891 /* DOUAudioStreamer.m */ = {isa = PBXFileReference; fileEncoding = 4; lastKnownFileType = sourcecode.c.objc; name = DOUAudioStreamer.m; path = "../../ 一些好的iOS开源东东/DOUAudioStreamer-master/DOUAudioStreamer-master/src/DOUAudioStreamer.m"; sourceTree = "<group>"; };
		8C3690671917E4AB00264891 /* DOUAudioStreamer+Options.h */ = {isa = PBXFileReference; fileEncoding = 4; lastKnownFileType = sourcecode.c.h; name = "DOUAudioStreamer+Options.h"; path = "../../ 一些好的iOS开源东东/DOUAudioStreamer-master/DOUAudioStreamer-master/src/DOUAudioStreamer+Options.h"; sourceTree = "<group>"; };
		8C3690681917E4AB00264891 /* DOUAudioStreamer+Options.m */ = {isa = PBXFileReference; fileEncoding = 4; lastKnownFileType = sourcecode.c.objc; name = "DOUAudioStreamer+Options.m"; path = "../../ 一些好的iOS开源东东/DOUAudioStreamer-master/DOUAudioStreamer-master/src/DOUAudioStreamer+Options.m"; sourceTree = "<group>"; };
		8C3690691917E4AB00264891 /* DOUAudioVisualizer.h */ = {isa = PBXFileReference; fileEncoding = 4; lastKnownFileType = sourcecode.c.h; name = DOUAudioVisualizer.h; path = "../../ 一些好的iOS开源东东/DOUAudioStreamer-master/DOUAudioStreamer-master/src/DOUAudioVisualizer.h"; sourceTree = "<group>"; };
		8C36906A1917E4AB00264891 /* DOUAudioVisualizer.m */ = {isa = PBXFileReference; fileEncoding = 4; lastKnownFileType = sourcecode.c.objc; name = DOUAudioVisualizer.m; path = "../../ 一些好的iOS开源东东/DOUAudioStreamer-master/DOUAudioStreamer-master/src/DOUAudioVisualizer.m"; sourceTree = "<group>"; };
		8C36906B1917E4AB00264891 /* DOUEAGL1View.h */ = {isa = PBXFileReference; fileEncoding = 4; lastKnownFileType = sourcecode.c.h; name = DOUEAGL1View.h; path = "../../ 一些好的iOS开源东东/DOUAudioStreamer-master/DOUAudioStreamer-master/src/DOUEAGL1View.h"; sourceTree = "<group>"; };
		8C36906C1917E4AB00264891 /* DOUEAGL1View.m */ = {isa = PBXFileReference; fileEncoding = 4; lastKnownFileType = sourcecode.c.objc; name = DOUEAGL1View.m; path = "../../ 一些好的iOS开源东东/DOUAudioStreamer-master/DOUAudioStreamer-master/src/DOUEAGL1View.m"; sourceTree = "<group>"; };
		8C36906D1917E4AB00264891 /* DOUEAGLView.h */ = {isa = PBXFileReference; fileEncoding = 4; lastKnownFileType = sourcecode.c.h; name = DOUEAGLView.h; path = "../../ 一些好的iOS开源东东/DOUAudioStreamer-master/DOUAudioStreamer-master/src/DOUEAGLView.h"; sourceTree = "<group>"; };
		8C36906E1917E4AB00264891 /* DOUEAGLView.m */ = {isa = PBXFileReference; fileEncoding = 4; lastKnownFileType = sourcecode.c.objc; name = DOUEAGLView.m; path = "../../ 一些好的iOS开源东东/DOUAudioStreamer-master/DOUAudioStreamer-master/src/DOUEAGLView.m"; sourceTree = "<group>"; };
		8C36906F1917E4AB00264891 /* DOUMPMediaLibraryAssetLoader.h */ = {isa = PBXFileReference; fileEncoding = 4; lastKnownFileType = sourcecode.c.h; name = DOUMPMediaLibraryAssetLoader.h; path = "../../ 一些好的iOS开源东东/DOUAudioStreamer-master/DOUAudioStreamer-master/src/DOUMPMediaLibraryAssetLoader.h"; sourceTree = "<group>"; };
		8C3690701917E4AB00264891 /* DOUMPMediaLibraryAssetLoader.m */ = {isa = PBXFileReference; fileEncoding = 4; lastKnownFileType = sourcecode.c.objc; name = DOUMPMediaLibraryAssetLoader.m; path = "../../ 一些好的iOS开源东东/DOUAudioStreamer-master/DOUAudioStreamer-master/src/DOUMPMediaLibraryAssetLoader.m"; sourceTree = "<group>"; };
		8C3690711917E4AB00264891 /* DOUSimpleHTTPRequest.h */ = {isa = PBXFileReference; fileEncoding = 4; lastKnownFileType = sourcecode.c.h; name = DOUSimpleHTTPRequest.h; path = "../../ 一些好的iOS开源东东/DOUAudioStreamer-master/DOUAudioStreamer-master/src/DOUSimpleHTTPRequest.h"; sourceTree = "<group>"; };
		8C3690721917E4AB00264891 /* DOUSimpleHTTPRequest.m */ = {isa = PBXFileReference; fileEncoding = 4; lastKnownFileType = sourcecode.c.objc; name = DOUSimpleHTTPRequest.m; path = "../../ 一些好的iOS开源东东/DOUAudioStreamer-master/DOUAudioStreamer-master/src/DOUSimpleHTTPRequest.m"; sourceTree = "<group>"; };
		8C3690731917E4AB00264891 /* NSData+DOUMappedFile.h */ = {isa = PBXFileReference; fileEncoding = 4; lastKnownFileType = sourcecode.c.h; name = "NSData+DOUMappedFile.h"; path = "../../ 一些好的iOS开源东东/DOUAudioStreamer-master/DOUAudioStreamer-master/src/NSData+DOUMappedFile.h"; sourceTree = "<group>"; };
		8C3690741917E4AB00264891 /* NSData+DOUMappedFile.m */ = {isa = PBXFileReference; fileEncoding = 4; lastKnownFileType = sourcecode.c.objc; name = "NSData+DOUMappedFile.m"; path = "../../ 一些好的iOS开源东东/DOUAudioStreamer-master/DOUAudioStreamer-master/src/NSData+DOUMappedFile.m"; sourceTree = "<group>"; };
		8C36908A1918D25400264891 /* NSData+Base64.h */ = {isa = PBXFileReference; fileEncoding = 4; lastKnownFileType = sourcecode.c.h; path = "NSData+Base64.h"; sourceTree = "<group>"; };
		8C36908B1918D25400264891 /* NSData+Base64.m */ = {isa = PBXFileReference; fileEncoding = 4; lastKnownFileType = sourcecode.c.objc; path = "NSData+Base64.m"; sourceTree = "<group>"; };
		8C36908C1918D25400264891 /* NSDate+RFC1123.h */ = {isa = PBXFileReference; fileEncoding = 4; lastKnownFileType = sourcecode.c.h; path = "NSDate+RFC1123.h"; sourceTree = "<group>"; };
		8C36908D1918D25400264891 /* NSDate+RFC1123.m */ = {isa = PBXFileReference; fileEncoding = 4; lastKnownFileType = sourcecode.c.objc; path = "NSDate+RFC1123.m"; sourceTree = "<group>"; };
		8C36908E1918D25400264891 /* NSDictionary+RequestEncoding.h */ = {isa = PBXFileReference; fileEncoding = 4; lastKnownFileType = sourcecode.c.h; path = "NSDictionary+RequestEncoding.h"; sourceTree = "<group>"; };
		8C36908F1918D25400264891 /* NSDictionary+RequestEncoding.m */ = {isa = PBXFileReference; fileEncoding = 4; lastKnownFileType = sourcecode.c.objc; path = "NSDictionary+RequestEncoding.m"; sourceTree = "<group>"; };
		8C3690901918D25400264891 /* NSString+MKNetworkKitAdditions.h */ = {isa = PBXFileReference; fileEncoding = 4; lastKnownFileType = sourcecode.c.h; path = "NSString+MKNetworkKitAdditions.h"; sourceTree = "<group>"; };
		8C3690911918D25400264891 /* NSString+MKNetworkKitAdditions.m */ = {isa = PBXFileReference; fileEncoding = 4; lastKnownFileType = sourcecode.c.objc; path = "NSString+MKNetworkKitAdditions.m"; sourceTree = "<group>"; };
		8C3690921918D25400264891 /* UIAlertView+MKNetworkKitAdditions.h */ = {isa = PBXFileReference; fileEncoding = 4; lastKnownFileType = sourcecode.c.h; path = "UIAlertView+MKNetworkKitAdditions.h"; sourceTree = "<group>"; };
		8C3690931918D25400264891 /* UIAlertView+MKNetworkKitAdditions.m */ = {isa = PBXFileReference; fileEncoding = 4; lastKnownFileType = sourcecode.c.objc; path = "UIAlertView+MKNetworkKitAdditions.m"; sourceTree = "<group>"; };
		8C3690941918D25400264891 /* MKNetworkEngine.h */ = {isa = PBXFileReference; fileEncoding = 4; lastKnownFileType = sourcecode.c.h; path = MKNetworkEngine.h; sourceTree = "<group>"; };
		8C3690951918D25400264891 /* MKNetworkEngine.m */ = {isa = PBXFileReference; fileEncoding = 4; lastKnownFileType = sourcecode.c.objc; path = MKNetworkEngine.m; sourceTree = "<group>"; };
		8C3690961918D25400264891 /* MKNetworkKit.h */ = {isa = PBXFileReference; fileEncoding = 4; lastKnownFileType = sourcecode.c.h; path = MKNetworkKit.h; sourceTree = "<group>"; };
		8C3690971918D25400264891 /* MKNetworkOperation.h */ = {isa = PBXFileReference; fileEncoding = 4; lastKnownFileType = sourcecode.c.h; path = MKNetworkOperation.h; sourceTree = "<group>"; };
		8C3690981918D25400264891 /* MKNetworkOperation.m */ = {isa = PBXFileReference; fileEncoding = 4; lastKnownFileType = sourcecode.c.objc; path = MKNetworkOperation.m; sourceTree = "<group>"; };
		8C36909A1918D25400264891 /* Reachability.h */ = {isa = PBXFileReference; fileEncoding = 4; lastKnownFileType = sourcecode.c.h; path = Reachability.h; sourceTree = "<group>"; };
		8C36909B1918D25400264891 /* Reachability.m */ = {isa = PBXFileReference; fileEncoding = 4; lastKnownFileType = sourcecode.c.objc; path = Reachability.m; sourceTree = "<group>"; };
		8C3690A51918D83500264891 /* JSONModel.h */ = {isa = PBXFileReference; fileEncoding = 4; lastKnownFileType = sourcecode.c.h; path = JSONModel.h; sourceTree = "<group>"; };
		8C3690A61918D83500264891 /* JSONModel.m */ = {isa = PBXFileReference; fileEncoding = 4; lastKnownFileType = sourcecode.c.objc; path = JSONModel.m; sourceTree = "<group>"; };
		8C3690A81918DAEB00264891 /* SongItem.h */ = {isa = PBXFileReference; fileEncoding = 4; lastKnownFileType = sourcecode.c.h; path = SongItem.h; sourceTree = "<group>"; };
		8C3690A91918DAEB00264891 /* SongItem.m */ = {isa = PBXFileReference; fileEncoding = 4; lastKnownFileType = sourcecode.c.objc; path = SongItem.m; sourceTree = "<group>"; };
		8C3690AE1919072A00264891 /* RESTfulEngine.h */ = {isa = PBXFileReference; fileEncoding = 4; lastKnownFileType = sourcecode.c.h; path = RESTfulEngine.h; sourceTree = "<group>"; };
		8C3690AF1919072A00264891 /* RESTfulEngine.m */ = {isa = PBXFileReference; fileEncoding = 4; lastKnownFileType = sourcecode.c.objc; path = RESTfulEngine.m; sourceTree = "<group>"; };
		8C3690B11919076B00264891 /* RESTfulOperation.h */ = {isa = PBXFileReference; fileEncoding = 4; lastKnownFileType = sourcecode.c.h; path = RESTfulOperation.h; sourceTree = "<group>"; };
		8C3690B21919076B00264891 /* RESTfulOperation.m */ = {isa = PBXFileReference; fileEncoding = 4; lastKnownFileType = sourcecode.c.objc; path = RESTfulOperation.m; sourceTree = "<group>"; };
		8C3690B41919309600264891 /* PlayList.h */ = {isa = PBXFileReference; fileEncoding = 4; lastKnownFileType = sourcecode.c.h; path = PlayList.h; sourceTree = "<group>"; };
		8C3690B51919309600264891 /* PlayList.m */ = {isa = PBXFileReference; fileEncoding = 4; lastKnownFileType = sourcecode.c.objc; path = PlayList.m; sourceTree = "<group>"; };
		8C3690BA191A001B00264891 /* AVFoundation.framework */ = {isa = PBXFileReference; lastKnownFileType = wrapper.framework; name = AVFoundation.framework; path = System/Library/Frameworks/AVFoundation.framework; sourceTree = SDKROOT; };
		8C3690BC191A004100264891 /* MediaPlayer.framework */ = {isa = PBXFileReference; lastKnownFileType = wrapper.framework; name = MediaPlayer.framework; path = System/Library/Frameworks/MediaPlayer.framework; sourceTree = SDKROOT; };
		8C3690BE191A004F00264891 /* CFNetwork.framework */ = {isa = PBXFileReference; lastKnownFileType = wrapper.framework; name = CFNetwork.framework; path = System/Library/Frameworks/CFNetwork.framework; sourceTree = SDKROOT; };
		8C3690C0191A005700264891 /* CoreAudio.framework */ = {isa = PBXFileReference; lastKnownFileType = wrapper.framework; name = CoreAudio.framework; path = System/Library/Frameworks/CoreAudio.framework; sourceTree = SDKROOT; };
		8C3690C2191A005F00264891 /* AudioToolbox.framework */ = {isa = PBXFileReference; lastKnownFileType = wrapper.framework; name = AudioToolbox.framework; path = System/Library/Frameworks/AudioToolbox.framework; sourceTree = SDKROOT; };
		8C3690C5191A6B8200264891 /* Notification.h */ = {isa = PBXFileReference; fileEncoding = 4; lastKnownFileType = sourcecode.c.h; name = Notification.h; path = ../Notification.h; sourceTree = "<group>"; };
		8C3690C6191A6BC200264891 /* RCApplication.h */ = {isa = PBXFileReference; fileEncoding = 4; lastKnownFileType = sourcecode.c.h; path = RCApplication.h; sourceTree = "<group>"; };
		8C3690C7191A6BC200264891 /* RCApplication.m */ = {isa = PBXFileReference; fileEncoding = 4; lastKnownFileType = sourcecode.c.objc; path = RCApplication.m; sourceTree = "<group>"; };
		8C3690CA191B14CD00264891 /* MKAnnotationView+WebCache.h */ = {isa = PBXFileReference; fileEncoding = 4; lastKnownFileType = sourcecode.c.h; path = "MKAnnotationView+WebCache.h"; sourceTree = "<group>"; };
		8C3690CB191B14CD00264891 /* MKAnnotationView+WebCache.m */ = {isa = PBXFileReference; fileEncoding = 4; lastKnownFileType = sourcecode.c.objc; path = "MKAnnotationView+WebCache.m"; sourceTree = "<group>"; };
		8C3690CC191B14CD00264891 /* NSData+ImageContentType.h */ = {isa = PBXFileReference; fileEncoding = 4; lastKnownFileType = sourcecode.c.h; path = "NSData+ImageContentType.h"; sourceTree = "<group>"; };
		8C3690CD191B14CD00264891 /* NSData+ImageContentType.m */ = {isa = PBXFileReference; fileEncoding = 4; lastKnownFileType = sourcecode.c.objc; path = "NSData+ImageContentType.m"; sourceTree = "<group>"; };
		8C3690CE191B14CD00264891 /* SDImageCache.h */ = {isa = PBXFileReference; fileEncoding = 4; lastKnownFileType = sourcecode.c.h; path = SDImageCache.h; sourceTree = "<group>"; };
		8C3690CF191B14CD00264891 /* SDImageCache.m */ = {isa = PBXFileReference; fileEncoding = 4; lastKnownFileType = sourcecode.c.objc; path = SDImageCache.m; sourceTree = "<group>"; };
		8C3690D0191B14CD00264891 /* SDWebImageCompat.h */ = {isa = PBXFileReference; fileEncoding = 4; lastKnownFileType = sourcecode.c.h; path = SDWebImageCompat.h; sourceTree = "<group>"; };
		8C3690D1191B14CD00264891 /* SDWebImageCompat.m */ = {isa = PBXFileReference; fileEncoding = 4; lastKnownFileType = sourcecode.c.objc; path = SDWebImageCompat.m; sourceTree = "<group>"; };
		8C3690D2191B14CD00264891 /* SDWebImageDecoder.h */ = {isa = PBXFileReference; fileEncoding = 4; lastKnownFileType = sourcecode.c.h; path = SDWebImageDecoder.h; sourceTree = "<group>"; };
		8C3690D3191B14CD00264891 /* SDWebImageDecoder.m */ = {isa = PBXFileReference; fileEncoding = 4; lastKnownFileType = sourcecode.c.objc; path = SDWebImageDecoder.m; sourceTree = "<group>"; };
		8C3690D4191B14CD00264891 /* SDWebImageDownloader.h */ = {isa = PBXFileReference; fileEncoding = 4; lastKnownFileType = sourcecode.c.h; path = SDWebImageDownloader.h; sourceTree = "<group>"; };
		8C3690D5191B14CD00264891 /* SDWebImageDownloader.m */ = {isa = PBXFileReference; fileEncoding = 4; lastKnownFileType = sourcecode.c.objc; path = SDWebImageDownloader.m; sourceTree = "<group>"; };
		8C3690D6191B14CD00264891 /* SDWebImageDownloaderOperation.h */ = {isa = PBXFileReference; fileEncoding = 4; lastKnownFileType = sourcecode.c.h; path = SDWebImageDownloaderOperation.h; sourceTree = "<group>"; };
		8C3690D7191B14CD00264891 /* SDWebImageDownloaderOperation.m */ = {isa = PBXFileReference; fileEncoding = 4; lastKnownFileType = sourcecode.c.objc; path = SDWebImageDownloaderOperation.m; sourceTree = "<group>"; };
		8C3690D8191B14CD00264891 /* SDWebImageManager.h */ = {isa = PBXFileReference; fileEncoding = 4; lastKnownFileType = sourcecode.c.h; path = SDWebImageManager.h; sourceTree = "<group>"; };
		8C3690D9191B14CD00264891 /* SDWebImageManager.m */ = {isa = PBXFileReference; fileEncoding = 4; lastKnownFileType = sourcecode.c.objc; path = SDWebImageManager.m; sourceTree = "<group>"; };
		8C3690DA191B14CD00264891 /* SDWebImageOperation.h */ = {isa = PBXFileReference; fileEncoding = 4; lastKnownFileType = sourcecode.c.h; path = SDWebImageOperation.h; sourceTree = "<group>"; };
		8C3690DB191B14CD00264891 /* SDWebImagePrefetcher.h */ = {isa = PBXFileReference; fileEncoding = 4; lastKnownFileType = sourcecode.c.h; path = SDWebImagePrefetcher.h; sourceTree = "<group>"; };
		8C3690DC191B14CD00264891 /* SDWebImagePrefetcher.m */ = {isa = PBXFileReference; fileEncoding = 4; lastKnownFileType = sourcecode.c.objc; path = SDWebImagePrefetcher.m; sourceTree = "<group>"; };
		8C3690DD191B14CD00264891 /* UIButton+WebCache.h */ = {isa = PBXFileReference; fileEncoding = 4; lastKnownFileType = sourcecode.c.h; path = "UIButton+WebCache.h"; sourceTree = "<group>"; };
		8C3690DE191B14CD00264891 /* UIButton+WebCache.m */ = {isa = PBXFileReference; fileEncoding = 4; lastKnownFileType = sourcecode.c.objc; path = "UIButton+WebCache.m"; sourceTree = "<group>"; };
		8C3690DF191B14CD00264891 /* UIImage+GIF.h */ = {isa = PBXFileReference; fileEncoding = 4; lastKnownFileType = sourcecode.c.h; path = "UIImage+GIF.h"; sourceTree = "<group>"; };
		8C3690E0191B14CD00264891 /* UIImage+GIF.m */ = {isa = PBXFileReference; fileEncoding = 4; lastKnownFileType = sourcecode.c.objc; path = "UIImage+GIF.m"; sourceTree = "<group>"; };
		8C3690E1191B14CD00264891 /* UIImage+MultiFormat.h */ = {isa = PBXFileReference; fileEncoding = 4; lastKnownFileType = sourcecode.c.h; path = "UIImage+MultiFormat.h"; sourceTree = "<group>"; };
		8C3690E2191B14CD00264891 /* UIImage+MultiFormat.m */ = {isa = PBXFileReference; fileEncoding = 4; lastKnownFileType = sourcecode.c.objc; path = "UIImage+MultiFormat.m"; sourceTree = "<group>"; };
		8C3690E3191B14CD00264891 /* UIImage+WebP.h */ = {isa = PBXFileReference; fileEncoding = 4; lastKnownFileType = sourcecode.c.h; path = "UIImage+WebP.h"; sourceTree = "<group>"; };
		8C3690E4191B14CD00264891 /* UIImage+WebP.m */ = {isa = PBXFileReference; fileEncoding = 4; lastKnownFileType = sourcecode.c.objc; path = "UIImage+WebP.m"; sourceTree = "<group>"; };
		8C3690E5191B14CD00264891 /* UIImageView+WebCache.h */ = {isa = PBXFileReference; fileEncoding = 4; lastKnownFileType = sourcecode.c.h; path = "UIImageView+WebCache.h"; sourceTree = "<group>"; };
		8C3690E6191B14CD00264891 /* UIImageView+WebCache.m */ = {isa = PBXFileReference; fileEncoding = 4; lastKnownFileType = sourcecode.c.objc; path = "UIImageView+WebCache.m"; sourceTree = "<group>"; };
		8C37627F1940B80800A26087 /* UsageDescription.html */ = {isa = PBXFileReference; fileEncoding = 4; lastKnownFileType = text.html; path = UsageDescription.html; sourceTree = "<group>"; };
		8C3762811940C12200A26087 /* AboutUs.html */ = {isa = PBXFileReference; fileEncoding = 4; lastKnownFileType = text.html; path = AboutUs.html; sourceTree = "<group>"; };
		8C3762831940C2CB00A26087 /* MessageUI.framework */ = {isa = PBXFileReference; lastKnownFileType = wrapper.framework; name = MessageUI.framework; path = System/Library/Frameworks/MessageUI.framework; sourceTree = SDKROOT; };
		8C9D83FF190E54EB0095D6D4 /* DouFM.app */ = {isa = PBXFileReference; explicitFileType = wrapper.application; includeInIndex = 0; path = DouFM.app; sourceTree = BUILT_PRODUCTS_DIR; };
		8C9D8402190E54EC0095D6D4 /* Foundation.framework */ = {isa = PBXFileReference; lastKnownFileType = wrapper.framework; name = Foundation.framework; path = System/Library/Frameworks/Foundation.framework; sourceTree = SDKROOT; };
		8C9D8404190E54EC0095D6D4 /* CoreGraphics.framework */ = {isa = PBXFileReference; lastKnownFileType = wrapper.framework; name = CoreGraphics.framework; path = System/Library/Frameworks/CoreGraphics.framework; sourceTree = SDKROOT; };
		8C9D8406190E54EC0095D6D4 /* UIKit.framework */ = {isa = PBXFileReference; lastKnownFileType = wrapper.framework; name = UIKit.framework; path = System/Library/Frameworks/UIKit.framework; sourceTree = SDKROOT; };
		8C9D840A190E54EC0095D6D4 /* DouFm-Info.plist */ = {isa = PBXFileReference; lastKnownFileType = text.plist.xml; path = "DouFm-Info.plist"; sourceTree = "<group>"; };
		8C9D840C190E54EC0095D6D4 /* en */ = {isa = PBXFileReference; lastKnownFileType = text.plist.strings; name = en; path = en.lproj/InfoPlist.strings; sourceTree = "<group>"; };
		8C9D840E190E54EC0095D6D4 /* main.m */ = {isa = PBXFileReference; lastKnownFileType = sourcecode.c.objc; path = main.m; sourceTree = "<group>"; };
		8C9D8410190E54EC0095D6D4 /* DouFm-Prefix.pch */ = {isa = PBXFileReference; lastKnownFileType = sourcecode.c.h; path = "DouFm-Prefix.pch"; sourceTree = "<group>"; };
		8C9D8411190E54EC0095D6D4 /* AppDelegate.h */ = {isa = PBXFileReference; lastKnownFileType = sourcecode.c.h; path = AppDelegate.h; sourceTree = "<group>"; };
		8C9D8412190E54EC0095D6D4 /* AppDelegate.m */ = {isa = PBXFileReference; lastKnownFileType = sourcecode.c.objc; path = AppDelegate.m; sourceTree = "<group>"; };
		8C9D8415190E54EC0095D6D4 /* Base */ = {isa = PBXFileReference; lastKnownFileType = file.storyboard; name = Base; path = Base.lproj/Main.storyboard; sourceTree = "<group>"; };
		8C9D841A190E54EC0095D6D4 /* Images.xcassets */ = {isa = PBXFileReference; lastKnownFileType = folder.assetcatalog; path = Images.xcassets; sourceTree = "<group>"; };
		8C9D8420190E54EC0095D6D4 /* DouFmTests.xctest */ = {isa = PBXFileReference; explicitFileType = wrapper.cfbundle; includeInIndex = 0; path = DouFmTests.xctest; sourceTree = BUILT_PRODUCTS_DIR; };
		8C9D8421190E54EC0095D6D4 /* XCTest.framework */ = {isa = PBXFileReference; lastKnownFileType = wrapper.framework; name = XCTest.framework; path = Library/Frameworks/XCTest.framework; sourceTree = DEVELOPER_DIR; };
		8C9D8429190E54EC0095D6D4 /* DouFmTests-Info.plist */ = {isa = PBXFileReference; lastKnownFileType = text.plist.xml; path = "DouFmTests-Info.plist"; sourceTree = "<group>"; };
		8C9D842B190E54EC0095D6D4 /* en */ = {isa = PBXFileReference; lastKnownFileType = text.plist.strings; name = en; path = en.lproj/InfoPlist.strings; sourceTree = "<group>"; };
		8C9D842D190E54EC0095D6D4 /* DouFmTests.m */ = {isa = PBXFileReference; lastKnownFileType = sourcecode.c.objc; path = DouFmTests.m; sourceTree = "<group>"; };
		8C9D8438190E55AC0095D6D4 /* RECommonFunctions.h */ = {isa = PBXFileReference; fileEncoding = 4; lastKnownFileType = sourcecode.c.h; path = RECommonFunctions.h; sourceTree = "<group>"; };
		8C9D8439190E55AC0095D6D4 /* RECommonFunctions.m */ = {isa = PBXFileReference; fileEncoding = 4; lastKnownFileType = sourcecode.c.objc; path = RECommonFunctions.m; sourceTree = "<group>"; };
		8C9D843A190E55AC0095D6D4 /* RESideMenu.h */ = {isa = PBXFileReference; fileEncoding = 4; lastKnownFileType = sourcecode.c.h; path = RESideMenu.h; sourceTree = "<group>"; };
		8C9D843B190E55AC0095D6D4 /* RESideMenu.m */ = {isa = PBXFileReference; fileEncoding = 4; lastKnownFileType = sourcecode.c.objc; path = RESideMenu.m; sourceTree = "<group>"; };
		8C9D843C190E55AC0095D6D4 /* UIViewController+RESideMenu.h */ = {isa = PBXFileReference; fileEncoding = 4; lastKnownFileType = sourcecode.c.h; path = "UIViewController+RESideMenu.h"; sourceTree = "<group>"; };
		8C9D843D190E55AC0095D6D4 /* UIViewController+RESideMenu.m */ = {isa = PBXFileReference; fileEncoding = 4; lastKnownFileType = sourcecode.c.objc; path = "UIViewController+RESideMenu.m"; sourceTree = "<group>"; };
		8C9D8442190E61450095D6D4 /* DouFMRooterViewController.h */ = {isa = PBXFileReference; fileEncoding = 4; lastKnownFileType = sourcecode.c.h; path = DouFMRooterViewController.h; sourceTree = "<group>"; };
		8C9D8443190E61450095D6D4 /* DouFMRooterViewController.m */ = {isa = PBXFileReference; fileEncoding = 4; lastKnownFileType = sourcecode.c.objc; path = DouFMRooterViewController.m; sourceTree = "<group>"; };
		8C9D8445190E63970095D6D4 /* DouFMLeftViewController.h */ = {isa = PBXFileReference; fileEncoding = 4; lastKnownFileType = sourcecode.c.h; path = DouFMLeftViewController.h; sourceTree = "<group>"; };
		8C9D8446190E63970095D6D4 /* DouFMLeftViewController.m */ = {isa = PBXFileReference; fileEncoding = 4; lastKnownFileType = sourcecode.c.objc; path = DouFMLeftViewController.m; sourceTree = "<group>"; };
		8C9D8448190E63E50095D6D4 /* DouFMContentViewController.h */ = {isa = PBXFileReference; fileEncoding = 4; lastKnownFileType = sourcecode.c.h; path = DouFMContentViewController.h; sourceTree = "<group>"; };
		8C9D8449190E63E60095D6D4 /* DouFMContentViewController.m */ = {isa = PBXFileReference; fileEncoding = 4; lastKnownFileType = sourcecode.c.objc; path = DouFMContentViewController.m; sourceTree = "<group>"; };
		8CB7C53A193F62E500E9046C /* JingRoundView.h */ = {isa = PBXFileReference; fileEncoding = 4; lastKnownFileType = sourcecode.c.h; path = JingRoundView.h; sourceTree = "<group>"; };
		8CB7C53B193F62E500E9046C /* JingRoundView.m */ = {isa = PBXFileReference; fileEncoding = 4; lastKnownFileType = sourcecode.c.objc; path = JingRoundView.m; sourceTree = "<group>"; };
		8CB7C53F194009F900E9046C /* DouFMCollectionCell.h */ = {isa = PBXFileReference; fileEncoding = 4; lastKnownFileType = sourcecode.c.h; path = DouFMCollectionCell.h; sourceTree = "<group>"; };
		8CB7C540194009F900E9046C /* DouFMCollectionCell.m */ = {isa = PBXFileReference; fileEncoding = 4; lastKnownFileType = sourcecode.c.objc; path = DouFMCollectionCell.m; sourceTree = "<group>"; };
/* End PBXFileReference section */

/* Begin PBXFrameworksBuildPhase section */
		8C9D83FC190E54EB0095D6D4 /* Frameworks */ = {
			isa = PBXFrameworksBuildPhase;
			buildActionMask = 2147483647;
			files = (
				8C3762841940C2CB00A26087 /* MessageUI.framework in Frameworks */,
				8C3690C3191A005F00264891 /* AudioToolbox.framework in Frameworks */,
				8C3690C1191A005700264891 /* CoreAudio.framework in Frameworks */,
				8C3690BF191A004F00264891 /* CFNetwork.framework in Frameworks */,
				8C3690BD191A004100264891 /* MediaPlayer.framework in Frameworks */,
				8C3690BB191A001B00264891 /* AVFoundation.framework in Frameworks */,
				8C9D8405190E54EC0095D6D4 /* CoreGraphics.framework in Frameworks */,
				8C9D8407190E54EC0095D6D4 /* UIKit.framework in Frameworks */,
				8C9D8403190E54EC0095D6D4 /* Foundation.framework in Frameworks */,
			);
			runOnlyForDeploymentPostprocessing = 0;
		};
		8C9D841D190E54EC0095D6D4 /* Frameworks */ = {
			isa = PBXFrameworksBuildPhase;
			buildActionMask = 2147483647;
			files = (
				8C9D8422190E54EC0095D6D4 /* XCTest.framework in Frameworks */,
				8C9D8424190E54EC0095D6D4 /* UIKit.framework in Frameworks */,
				8C9D8423190E54EC0095D6D4 /* Foundation.framework in Frameworks */,
			);
			runOnlyForDeploymentPostprocessing = 0;
		};
/* End PBXFrameworksBuildPhase section */

/* Begin PBXGroup section */
		8C177BAC193E24C10063489E /* FXBlurView */ = {
			isa = PBXGroup;
			children = (
				8C177BAD193E24C10063489E /* FXBlurView.h */,
				8C177BAE193E24C10063489E /* FXBlurView.m */,
			);
			path = FXBlurView;
			sourceTree = "<group>";
		};
		8C36900D1917E43400264891 /* DOUAudioStreamer */ = {
			isa = PBXGroup;
			children = (
				8C36904B1917E4AB00264891 /* DOUAudioAnalyzer_Private.h */,
				8C36904C1917E4AB00264891 /* DOUAudioAnalyzer.h */,
				8C36904D1917E4AB00264891 /* DOUAudioAnalyzer.m */,
				8C36904E1917E4AB00264891 /* DOUAudioAnalyzer+Default.h */,
				8C36904F1917E4AB00264891 /* DOUAudioAnalyzer+Default.m */,
				8C3690501917E4AB00264891 /* DOUAudioBase.h */,
				8C3690511917E4AB00264891 /* DOUAudioDecoder.h */,
				8C3690521917E4AB00264891 /* DOUAudioDecoder.m */,
				8C3690531917E4AB00264891 /* DOUAudioEventLoop.h */,
				8C3690541917E4AB00264891 /* DOUAudioEventLoop.m */,
				8C3690551917E4AB00264891 /* DOUAudioFile.h */,
				8C3690561917E4AB00264891 /* DOUAudioFilePreprocessor.h */,
				8C3690571917E4AB00264891 /* DOUAudioFilePreprocessor.m */,
				8C3690581917E4AB00264891 /* DOUAudioFileProvider.h */,
				8C3690591917E4AB00264891 /* DOUAudioFileProvider.m */,
				8C36905A1917E4AB00264891 /* DOUAudioFrequencyAnalyzer.h */,
				8C36905B1917E4AB00264891 /* DOUAudioFrequencyAnalyzer.m */,
				8C36905C1917E4AB00264891 /* DOUAudioLPCM.h */,
				8C36905D1917E4AB00264891 /* DOUAudioLPCM.m */,
				8C36905E1917E4AB00264891 /* DOUAudioPlaybackItem.h */,
				8C36905F1917E4AB00264891 /* DOUAudioPlaybackItem.m */,
				8C3690601917E4AB00264891 /* DOUAudioRenderer.h */,
				8C3690611917E4AB00264891 /* DOUAudioRenderer.m */,
				8C3690621917E4AB00264891 /* DOUAudioSpatialAnalyzer.h */,
				8C3690631917E4AB00264891 /* DOUAudioSpatialAnalyzer.m */,
				8C3690641917E4AB00264891 /* DOUAudioStreamer_Private.h */,
				8C3690651917E4AB00264891 /* DOUAudioStreamer.h */,
				8C3690661917E4AB00264891 /* DOUAudioStreamer.m */,
				8C3690671917E4AB00264891 /* DOUAudioStreamer+Options.h */,
				8C3690681917E4AB00264891 /* DOUAudioStreamer+Options.m */,
				8C3690691917E4AB00264891 /* DOUAudioVisualizer.h */,
				8C36906A1917E4AB00264891 /* DOUAudioVisualizer.m */,
				8C36906B1917E4AB00264891 /* DOUEAGL1View.h */,
				8C36906C1917E4AB00264891 /* DOUEAGL1View.m */,
				8C36906D1917E4AB00264891 /* DOUEAGLView.h */,
				8C36906E1917E4AB00264891 /* DOUEAGLView.m */,
				8C36906F1917E4AB00264891 /* DOUMPMediaLibraryAssetLoader.h */,
				8C3690701917E4AB00264891 /* DOUMPMediaLibraryAssetLoader.m */,
				8C3690711917E4AB00264891 /* DOUSimpleHTTPRequest.h */,
				8C3690721917E4AB00264891 /* DOUSimpleHTTPRequest.m */,
				8C3690731917E4AB00264891 /* NSData+DOUMappedFile.h */,
				8C3690741917E4AB00264891 /* NSData+DOUMappedFile.m */,
			);
			name = DOUAudioStreamer;
			sourceTree = "<group>";
		};
		8C3690881918D25400264891 /* MKNetworkKit */ = {
			isa = PBXGroup;
			children = (
				8C3690891918D25400264891 /* Categories */,
				8C3690941918D25400264891 /* MKNetworkEngine.h */,
				8C3690951918D25400264891 /* MKNetworkEngine.m */,
				8C3690961918D25400264891 /* MKNetworkKit.h */,
				8C3690971918D25400264891 /* MKNetworkOperation.h */,
				8C3690981918D25400264891 /* MKNetworkOperation.m */,
				8C3690991918D25400264891 /* Reachability */,
			);
			path = MKNetworkKit;
			sourceTree = "<group>";
		};
		8C3690891918D25400264891 /* Categories */ = {
			isa = PBXGroup;
			children = (
				8C36908A1918D25400264891 /* NSData+Base64.h */,
				8C36908B1918D25400264891 /* NSData+Base64.m */,
				8C36908C1918D25400264891 /* NSDate+RFC1123.h */,
				8C36908D1918D25400264891 /* NSDate+RFC1123.m */,
				8C36908E1918D25400264891 /* NSDictionary+RequestEncoding.h */,
				8C36908F1918D25400264891 /* NSDictionary+RequestEncoding.m */,
				8C3690901918D25400264891 /* NSString+MKNetworkKitAdditions.h */,
				8C3690911918D25400264891 /* NSString+MKNetworkKitAdditions.m */,
				8C3690921918D25400264891 /* UIAlertView+MKNetworkKitAdditions.h */,
				8C3690931918D25400264891 /* UIAlertView+MKNetworkKitAdditions.m */,
			);
			path = Categories;
			sourceTree = "<group>";
		};
		8C3690991918D25400264891 /* Reachability */ = {
			isa = PBXGroup;
			children = (
				8C36909A1918D25400264891 /* Reachability.h */,
				8C36909B1918D25400264891 /* Reachability.m */,
			);
			path = Reachability;
			sourceTree = "<group>";
		};
		8C3690A41918D80600264891 /* Models */ = {
			isa = PBXGroup;
			children = (
				8C3690A51918D83500264891 /* JSONModel.h */,
				8C3690A61918D83500264891 /* JSONModel.m */,
				8C3690A81918DAEB00264891 /* SongItem.h */,
				8C3690A91918DAEB00264891 /* SongItem.m */,
				8C3690AE1919072A00264891 /* RESTfulEngine.h */,
				8C3690AF1919072A00264891 /* RESTfulEngine.m */,
				8C3690B11919076B00264891 /* RESTfulOperation.h */,
				8C3690B21919076B00264891 /* RESTfulOperation.m */,
				8C3690B41919309600264891 /* PlayList.h */,
				8C3690B51919309600264891 /* PlayList.m */,
			);
			name = Models;
			sourceTree = "<group>";
		};
		8C3690C9191B14CD00264891 /* SDWebImage */ = {
			isa = PBXGroup;
			children = (
				8C3690CA191B14CD00264891 /* MKAnnotationView+WebCache.h */,
				8C3690CB191B14CD00264891 /* MKAnnotationView+WebCache.m */,
				8C3690CC191B14CD00264891 /* NSData+ImageContentType.h */,
				8C3690CD191B14CD00264891 /* NSData+ImageContentType.m */,
				8C3690CE191B14CD00264891 /* SDImageCache.h */,
				8C3690CF191B14CD00264891 /* SDImageCache.m */,
				8C3690D0191B14CD00264891 /* SDWebImageCompat.h */,
				8C3690D1191B14CD00264891 /* SDWebImageCompat.m */,
				8C3690D2191B14CD00264891 /* SDWebImageDecoder.h */,
				8C3690D3191B14CD00264891 /* SDWebImageDecoder.m */,
				8C3690D4191B14CD00264891 /* SDWebImageDownloader.h */,
				8C3690D5191B14CD00264891 /* SDWebImageDownloader.m */,
				8C3690D6191B14CD00264891 /* SDWebImageDownloaderOperation.h */,
				8C3690D7191B14CD00264891 /* SDWebImageDownloaderOperation.m */,
				8C3690D8191B14CD00264891 /* SDWebImageManager.h */,
				8C3690D9191B14CD00264891 /* SDWebImageManager.m */,
				8C3690DA191B14CD00264891 /* SDWebImageOperation.h */,
				8C3690DB191B14CD00264891 /* SDWebImagePrefetcher.h */,
				8C3690DC191B14CD00264891 /* SDWebImagePrefetcher.m */,
				8C3690DD191B14CD00264891 /* UIButton+WebCache.h */,
				8C3690DE191B14CD00264891 /* UIButton+WebCache.m */,
				8C3690DF191B14CD00264891 /* UIImage+GIF.h */,
				8C3690E0191B14CD00264891 /* UIImage+GIF.m */,
				8C3690E1191B14CD00264891 /* UIImage+MultiFormat.h */,
				8C3690E2191B14CD00264891 /* UIImage+MultiFormat.m */,
				8C3690E3191B14CD00264891 /* UIImage+WebP.h */,
				8C3690E4191B14CD00264891 /* UIImage+WebP.m */,
				8C3690E5191B14CD00264891 /* UIImageView+WebCache.h */,
				8C3690E6191B14CD00264891 /* UIImageView+WebCache.m */,
			);
			path = SDWebImage;
			sourceTree = "<group>";
		};
		8C9D83F6190E54EB0095D6D4 = {
			isa = PBXGroup;
			children = (
				8C9D8400190E54EB0095D6D4 /* Products */,
				8CB7C536193F62E500E9046C /* JingRound */,
				8C177BAC193E24C10063489E /* FXBlurView */,
				8C3690C9191B14CD00264891 /* SDWebImage */,
				8C3690881918D25400264891 /* MKNetworkKit */,
				8C36900D1917E43400264891 /* DOUAudioStreamer */,
				8C9D8437190E55AC0095D6D4 /* RESideMenu */,
				8C9D8408190E54EC0095D6D4 /* DouFm */,
				8C9D8427190E54EC0095D6D4 /* DouFmTests */,
				8C9D8401190E54EC0095D6D4 /* Frameworks */,
			);
			sourceTree = "<group>";
		};
		8C9D8400190E54EB0095D6D4 /* Products */ = {
			isa = PBXGroup;
			children = (
				8C9D83FF190E54EB0095D6D4 /* DouFM.app */,
				8C9D8420190E54EC0095D6D4 /* DouFmTests.xctest */,
			);
			name = Products;
			sourceTree = "<group>";
		};
		8C9D8401190E54EC0095D6D4 /* Frameworks */ = {
			isa = PBXGroup;
			children = (
				8C3762831940C2CB00A26087 /* MessageUI.framework */,
				8C3690C2191A005F00264891 /* AudioToolbox.framework */,
				8C3690C0191A005700264891 /* CoreAudio.framework */,
				8C3690BE191A004F00264891 /* CFNetwork.framework */,
				8C3690BC191A004100264891 /* MediaPlayer.framework */,
				8C3690BA191A001B00264891 /* AVFoundation.framework */,
				8C9D8402190E54EC0095D6D4 /* Foundation.framework */,
				8C9D8404190E54EC0095D6D4 /* CoreGraphics.framework */,
				8C9D8406190E54EC0095D6D4 /* UIKit.framework */,
				8C9D8421190E54EC0095D6D4 /* XCTest.framework */,
			);
			name = Frameworks;
			sourceTree = "<group>";
		};
		8C9D8408190E54EC0095D6D4 /* DouFm */ = {
			isa = PBXGroup;
			children = (
				8CB7C54319400DA500E9046C /* AppDelegate */,
				8C3690A41918D80600264891 /* Models */,
				8C9D8441190E61190095D6D4 /* Controllers */,
				8C9D8409190E54EC0095D6D4 /* Supporting Files */,
			);
			path = DouFm;
			sourceTree = "<group>";
		};
		8C9D8409190E54EC0095D6D4 /* Supporting Files */ = {
			isa = PBXGroup;
			children = (
				8C3762811940C12200A26087 /* AboutUs.html */,
				8C37627F1940B80800A26087 /* UsageDescription.html */,
				8C9D841A190E54EC0095D6D4 /* Images.xcassets */,
				8C9D8414190E54EC0095D6D4 /* Main.storyboard */,
				8C9D840A190E54EC0095D6D4 /* DouFm-Info.plist */,
				8C9D840B190E54EC0095D6D4 /* InfoPlist.strings */,
				8C9D840E190E54EC0095D6D4 /* main.m */,
				8C9D8410190E54EC0095D6D4 /* DouFm-Prefix.pch */,
			);
			name = "Supporting Files";
			sourceTree = "<group>";
		};
		8C9D8427190E54EC0095D6D4 /* DouFmTests */ = {
			isa = PBXGroup;
			children = (
				8C9D842D190E54EC0095D6D4 /* DouFmTests.m */,
				8C9D8428190E54EC0095D6D4 /* Supporting Files */,
			);
			path = DouFmTests;
			sourceTree = "<group>";
		};
		8C9D8428190E54EC0095D6D4 /* Supporting Files */ = {
			isa = PBXGroup;
			children = (
				8C9D8429190E54EC0095D6D4 /* DouFmTests-Info.plist */,
				8C9D842A190E54EC0095D6D4 /* InfoPlist.strings */,
			);
			name = "Supporting Files";
			sourceTree = "<group>";
		};
		8C9D8437190E55AC0095D6D4 /* RESideMenu */ = {
			isa = PBXGroup;
			children = (
				8C9D8438190E55AC0095D6D4 /* RECommonFunctions.h */,
				8C9D8439190E55AC0095D6D4 /* RECommonFunctions.m */,
				8C9D843A190E55AC0095D6D4 /* RESideMenu.h */,
				8C9D843B190E55AC0095D6D4 /* RESideMenu.m */,
				8C9D843C190E55AC0095D6D4 /* UIViewController+RESideMenu.h */,
				8C9D843D190E55AC0095D6D4 /* UIViewController+RESideMenu.m */,
			);
			path = RESideMenu;
			sourceTree = "<group>";
		};
		8C9D8441190E61190095D6D4 /* Controllers */ = {
			isa = PBXGroup;
			children = (
				8CB7C54219400D8E00E9046C /* Cell */,
				8C9D8442190E61450095D6D4 /* DouFMRooterViewController.h */,
				8C9D8443190E61450095D6D4 /* DouFMRooterViewController.m */,
				8C9D8445190E63970095D6D4 /* DouFMLeftViewController.h */,
				8C9D8446190E63970095D6D4 /* DouFMLeftViewController.m */,
				8C9D8448190E63E50095D6D4 /* DouFMContentViewController.h */,
				8C9D8449190E63E60095D6D4 /* DouFMContentViewController.m */,
				8C2530321940803A00165FFE /* DouFMSettingController.h */,
				8C2530331940803A00165FFE /* DouFMSettingController.m */,
			);
			name = Controllers;
			sourceTree = "<group>";
		};
		8CB7C536193F62E500E9046C /* JingRound */ = {
			isa = PBXGroup;
			children = (
				8CB7C53A193F62E500E9046C /* JingRoundView.h */,
				8CB7C53B193F62E500E9046C /* JingRoundView.m */,
			);
			path = JingRound;
			sourceTree = "<group>";
		};
		8CB7C54219400D8E00E9046C /* Cell */ = {
			isa = PBXGroup;
			children = (
				8CB7C53F194009F900E9046C /* DouFMCollectionCell.h */,
				8CB7C540194009F900E9046C /* DouFMCollectionCell.m */,
			);
			name = Cell;
			sourceTree = "<group>";
		};
		8CB7C54319400DA500E9046C /* AppDelegate */ = {
			isa = PBXGroup;
			children = (
				8C3690C5191A6B8200264891 /* Notification.h */,
				8C9D8411190E54EC0095D6D4 /* AppDelegate.h */,
				8C3690C7191A6BC200264891 /* RCApplication.m */,
				8C3690C6191A6BC200264891 /* RCApplication.h */,
				8C9D8412190E54EC0095D6D4 /* AppDelegate.m */,
			);
			name = AppDelegate;
			sourceTree = "<group>";
		};
/* End PBXGroup section */

/* Begin PBXNativeTarget section */
		8C9D83FE190E54EB0095D6D4 /* DouFM */ = {
			isa = PBXNativeTarget;
			buildConfigurationList = 8C9D8431190E54EC0095D6D4 /* Build configuration list for PBXNativeTarget "DouFM" */;
			buildPhases = (
				8C9D83FB190E54EB0095D6D4 /* Sources */,
				8C9D83FC190E54EB0095D6D4 /* Frameworks */,
				8C9D83FD190E54EB0095D6D4 /* Resources */,
			);
			buildRules = (
			);
			dependencies = (
			);
			name = DouFM;
			productName = DouFm;
			productReference = 8C9D83FF190E54EB0095D6D4 /* DouFM.app */;
			productType = "com.apple.product-type.application";
		};
		8C9D841F190E54EC0095D6D4 /* DouFmTests */ = {
			isa = PBXNativeTarget;
			buildConfigurationList = 8C9D8434190E54EC0095D6D4 /* Build configuration list for PBXNativeTarget "DouFmTests" */;
			buildPhases = (
				8C9D841C190E54EC0095D6D4 /* Sources */,
				8C9D841D190E54EC0095D6D4 /* Frameworks */,
				8C9D841E190E54EC0095D6D4 /* Resources */,
			);
			buildRules = (
			);
			dependencies = (
				8C9D8426190E54EC0095D6D4 /* PBXTargetDependency */,
			);
			name = DouFmTests;
			productName = DouFmTests;
			productReference = 8C9D8420190E54EC0095D6D4 /* DouFmTests.xctest */;
			productType = "com.apple.product-type.bundle.unit-test";
		};
/* End PBXNativeTarget section */

/* Begin PBXProject section */
		8C9D83F7190E54EB0095D6D4 /* Project object */ = {
			isa = PBXProject;
			attributes = {
				LastUpgradeCheck = 0510;
				ORGANIZATIONNAME = jackie;
				TargetAttributes = {
					8C9D83FE190E54EB0095D6D4 = {
						DevelopmentTeam = D8YA462WBM;
						SystemCapabilities = {
							com.apple.BackgroundModes = {
								enabled = 1;
							};
						};
					};
					8C9D841F190E54EC0095D6D4 = {
						TestTargetID = 8C9D83FE190E54EB0095D6D4;
					};
				};
			};
			buildConfigurationList = 8C9D83FA190E54EB0095D6D4 /* Build configuration list for PBXProject "DouFm" */;
			compatibilityVersion = "Xcode 3.2";
			developmentRegion = English;
			hasScannedForEncodings = 0;
			knownRegions = (
				en,
				Base,
			);
			mainGroup = 8C9D83F6190E54EB0095D6D4;
			productRefGroup = 8C9D8400190E54EB0095D6D4 /* Products */;
			projectDirPath = "";
			projectRoot = "";
			targets = (
				8C9D83FE190E54EB0095D6D4 /* DouFM */,
				8C9D841F190E54EC0095D6D4 /* DouFmTests */,
			);
		};
/* End PBXProject section */

/* Begin PBXResourcesBuildPhase section */
		8C9D83FD190E54EB0095D6D4 /* Resources */ = {
			isa = PBXResourcesBuildPhase;
			buildActionMask = 2147483647;
			files = (
				8C3762821940C12300A26087 /* AboutUs.html in Resources */,
				8C9D841B190E54EC0095D6D4 /* Images.xcassets in Resources */,
				8C9D840D190E54EC0095D6D4 /* InfoPlist.strings in Resources */,
				8C3762801940B80800A26087 /* UsageDescription.html in Resources */,
				8C9D8416190E54EC0095D6D4 /* Main.storyboard in Resources */,
			);
			runOnlyForDeploymentPostprocessing = 0;
		};
		8C9D841E190E54EC0095D6D4 /* Resources */ = {
			isa = PBXResourcesBuildPhase;
			buildActionMask = 2147483647;
			files = (
				8C9D842C190E54EC0095D6D4 /* InfoPlist.strings in Resources */,
			);
			runOnlyForDeploymentPostprocessing = 0;
		};
/* End PBXResourcesBuildPhase section */

/* Begin PBXSourcesBuildPhase section */
		8C9D83FB190E54EB0095D6D4 /* Sources */ = {
			isa = PBXSourcesBuildPhase;
			buildActionMask = 2147483647;
			files = (
				8C3690811917E4AB00264891 /* DOUAudioStreamer+Options.m in Sources */,
				8C3690F3191B14CD00264891 /* UIImage+WebP.m in Sources */,
				8C3690F0191B14CD00264891 /* UIButton+WebCache.m in Sources */,
				8C3690A01918D25400264891 /* UIAlertView+MKNetworkKitAdditions.m in Sources */,
				8C3690801917E4AB00264891 /* DOUAudioStreamer.m in Sources */,
				8C3690751917E4AB00264891 /* DOUAudioAnalyzer.m in Sources */,
				8C9D8447190E63970095D6D4 /* DouFMLeftViewController.m in Sources */,
				8C9D8413190E54EC0095D6D4 /* AppDelegate.m in Sources */,
				8C9D840F190E54EC0095D6D4 /* main.m in Sources */,
				8C3690E9191B14CD00264891 /* SDImageCache.m in Sources */,
				8C36907D1917E4AB00264891 /* DOUAudioPlaybackItem.m in Sources */,
				8C3690E8191B14CD00264891 /* NSData+ImageContentType.m in Sources */,
				8C3690C8191A6BC200264891 /* RCApplication.m in Sources */,
				8C9D843F190E55AC0095D6D4 /* RESideMenu.m in Sources */,
				8C3690A11918D25400264891 /* MKNetworkEngine.m in Sources */,
				8C3690E7191B14CD00264891 /* MKAnnotationView+WebCache.m in Sources */,
				8C36907E1917E4AB00264891 /* DOUAudioRenderer.m in Sources */,
				8C9D844A190E63E60095D6D4 /* DouFMContentViewController.m in Sources */,
				8C9D843E190E55AC0095D6D4 /* RECommonFunctions.m in Sources */,
				8C36909E1918D25400264891 /* NSDictionary+RequestEncoding.m in Sources */,
				8C3690ED191B14CD00264891 /* SDWebImageDownloaderOperation.m in Sources */,
				8C3690851917E4AB00264891 /* DOUMPMediaLibraryAssetLoader.m in Sources */,
				8C3690F4191B14CD00264891 /* UIImageView+WebCache.m in Sources */,
				8C36909F1918D25400264891 /* NSString+MKNetworkKitAdditions.m in Sources */,
				8C36907B1917E4AB00264891 /* DOUAudioFrequencyAnalyzer.m in Sources */,
				8CB7C541194009F900E9046C /* DouFMCollectionCell.m in Sources */,
				8C3690821917E4AB00264891 /* DOUAudioVisualizer.m in Sources */,
				8C3690EA191B14CD00264891 /* SDWebImageCompat.m in Sources */,
				8C3690861917E4AB00264891 /* DOUSimpleHTTPRequest.m in Sources */,
				8C3690F1191B14CD00264891 /* UIImage+GIF.m in Sources */,
				8C36907A1917E4AB00264891 /* DOUAudioFileProvider.m in Sources */,
				8C3690F2191B14CD00264891 /* UIImage+MultiFormat.m in Sources */,
				8C36907C1917E4AB00264891 /* DOUAudioLPCM.m in Sources */,
				8C3690871917E4AB00264891 /* NSData+DOUMappedFile.m in Sources */,
				8C3690771917E4AB00264891 /* DOUAudioDecoder.m in Sources */,
				8C3690EE191B14CD00264891 /* SDWebImageManager.m in Sources */,
				8C3690EB191B14CD00264891 /* SDWebImageDecoder.m in Sources */,
				8C3690B61919309600264891 /* PlayList.m in Sources */,
				8C177BAF193E24C10063489E /* FXBlurView.m in Sources */,
				8C9D8440190E55AC0095D6D4 /* UIViewController+RESideMenu.m in Sources */,
				8C3690AA1918DAEB00264891 /* SongItem.m in Sources */,
				8C3690791917E4AB00264891 /* DOUAudioFilePreprocessor.m in Sources */,
				8C9D8444190E61450095D6D4 /* DouFMRooterViewController.m in Sources */,
				8C3690EC191B14CD00264891 /* SDWebImageDownloader.m in Sources */,
				8C36909D1918D25400264891 /* NSDate+RFC1123.m in Sources */,
				8C3690781917E4AB00264891 /* DOUAudioEventLoop.m in Sources */,
				8C3690B01919072A00264891 /* RESTfulEngine.m in Sources */,
				8C36907F1917E4AB00264891 /* DOUAudioSpatialAnalyzer.m in Sources */,
				8C3690EF191B14CD00264891 /* SDWebImagePrefetcher.m in Sources */,
				8C3690831917E4AB00264891 /* DOUEAGL1View.m in Sources */,
				8C3690A21918D25400264891 /* MKNetworkOperation.m in Sources */,
				8C3690841917E4AB00264891 /* DOUEAGLView.m in Sources */,
				8C3690B31919076B00264891 /* RESTfulOperation.m in Sources */,
				8C36909C1918D25400264891 /* NSData+Base64.m in Sources */,
				8C3690A71918D83500264891 /* JSONModel.m in Sources */,
				8C2530341940803A00165FFE /* DouFMSettingController.m in Sources */,
				8C3690A31918D25400264891 /* Reachability.m in Sources */,
				8CB7C53E193F62E500E9046C /* JingRoundView.m in Sources */,
				8C3690761917E4AB00264891 /* DOUAudioAnalyzer+Default.m in Sources */,
			);
			runOnlyForDeploymentPostprocessing = 0;
		};
		8C9D841C190E54EC0095D6D4 /* Sources */ = {
			isa = PBXSourcesBuildPhase;
			buildActionMask = 2147483647;
			files = (
				8C9D842E190E54EC0095D6D4 /* DouFmTests.m in Sources */,
			);
			runOnlyForDeploymentPostprocessing = 0;
		};
/* End PBXSourcesBuildPhase section */

/* Begin PBXTargetDependency section */
		8C9D8426190E54EC0095D6D4 /* PBXTargetDependency */ = {
			isa = PBXTargetDependency;
			target = 8C9D83FE190E54EB0095D6D4 /* DouFM */;
			targetProxy = 8C9D8425190E54EC0095D6D4 /* PBXContainerItemProxy */;
		};
/* End PBXTargetDependency section */

/* Begin PBXVariantGroup section */
		8C9D840B190E54EC0095D6D4 /* InfoPlist.strings */ = {
			isa = PBXVariantGroup;
			children = (
				8C9D840C190E54EC0095D6D4 /* en */,
			);
			name = InfoPlist.strings;
			sourceTree = "<group>";
		};
		8C9D8414190E54EC0095D6D4 /* Main.storyboard */ = {
			isa = PBXVariantGroup;
			children = (
				8C9D8415190E54EC0095D6D4 /* Base */,
			);
			name = Main.storyboard;
			sourceTree = "<group>";
		};
		8C9D842A190E54EC0095D6D4 /* InfoPlist.strings */ = {
			isa = PBXVariantGroup;
			children = (
				8C9D842B190E54EC0095D6D4 /* en */,
			);
			name = InfoPlist.strings;
			sourceTree = "<group>";
		};
/* End PBXVariantGroup section */

/* Begin XCBuildConfiguration section */
		8C9D842F190E54EC0095D6D4 /* Debug */ = {
			isa = XCBuildConfiguration;
			buildSettings = {
				ALWAYS_SEARCH_USER_PATHS = NO;
				CLANG_CXX_LANGUAGE_STANDARD = "gnu++0x";
				CLANG_CXX_LIBRARY = "libc++";
				CLANG_ENABLE_MODULES = YES;
				CLANG_ENABLE_OBJC_ARC = YES;
				CLANG_WARN_BOOL_CONVERSION = YES;
				CLANG_WARN_CONSTANT_CONVERSION = YES;
				CLANG_WARN_DIRECT_OBJC_ISA_USAGE = YES_ERROR;
				CLANG_WARN_EMPTY_BODY = YES;
				CLANG_WARN_ENUM_CONVERSION = YES;
				CLANG_WARN_INT_CONVERSION = YES;
				CLANG_WARN_OBJC_ROOT_CLASS = YES_ERROR;
				CLANG_WARN__DUPLICATE_METHOD_MATCH = YES;
				CODE_SIGN_IDENTITY = "iPhone Developer";
				"CODE_SIGN_IDENTITY[sdk=iphoneos*]" = "iPhone Developer";
				COPY_PHASE_STRIP = NO;
				GCC_C_LANGUAGE_STANDARD = gnu99;
				GCC_DYNAMIC_NO_PIC = NO;
				GCC_OPTIMIZATION_LEVEL = 0;
				GCC_PREPROCESSOR_DEFINITIONS = (
					"DEBUG=1",
					"$(inherited)",
				);
				GCC_SYMBOLS_PRIVATE_EXTERN = NO;
				GCC_WARN_64_TO_32_BIT_CONVERSION = YES;
				GCC_WARN_ABOUT_RETURN_TYPE = YES_ERROR;
				GCC_WARN_UNDECLARED_SELECTOR = YES;
				GCC_WARN_UNINITIALIZED_AUTOS = YES_AGGRESSIVE;
				GCC_WARN_UNUSED_FUNCTION = YES;
				GCC_WARN_UNUSED_VARIABLE = YES;
				IPHONEOS_DEPLOYMENT_TARGET = 7.0;
				ONLY_ACTIVE_ARCH = YES;
				SDKROOT = iphoneos;
			};
			name = Debug;
		};
		8C9D8430190E54EC0095D6D4 /* Release */ = {
			isa = XCBuildConfiguration;
			buildSettings = {
				ALWAYS_SEARCH_USER_PATHS = NO;
				CLANG_CXX_LANGUAGE_STANDARD = "gnu++0x";
				CLANG_CXX_LIBRARY = "libc++";
				CLANG_ENABLE_MODULES = YES;
				CLANG_ENABLE_OBJC_ARC = YES;
				CLANG_WARN_BOOL_CONVERSION = YES;
				CLANG_WARN_CONSTANT_CONVERSION = YES;
				CLANG_WARN_DIRECT_OBJC_ISA_USAGE = YES_ERROR;
				CLANG_WARN_EMPTY_BODY = YES;
				CLANG_WARN_ENUM_CONVERSION = YES;
				CLANG_WARN_INT_CONVERSION = YES;
				CLANG_WARN_OBJC_ROOT_CLASS = YES_ERROR;
				CLANG_WARN__DUPLICATE_METHOD_MATCH = YES;
				CODE_SIGN_IDENTITY = "iPhone Distribution";
				"CODE_SIGN_IDENTITY[sdk=iphoneos*]" = "iPhone Distribution";
				COPY_PHASE_STRIP = YES;
				ENABLE_NS_ASSERTIONS = NO;
				GCC_C_LANGUAGE_STANDARD = gnu99;
				GCC_WARN_64_TO_32_BIT_CONVERSION = YES;
				GCC_WARN_ABOUT_RETURN_TYPE = YES_ERROR;
				GCC_WARN_UNDECLARED_SELECTOR = YES;
				GCC_WARN_UNINITIALIZED_AUTOS = YES_AGGRESSIVE;
				GCC_WARN_UNUSED_FUNCTION = YES;
				GCC_WARN_UNUSED_VARIABLE = YES;
				IPHONEOS_DEPLOYMENT_TARGET = 7.0;
				SDKROOT = iphoneos;
				VALIDATE_PRODUCT = YES;
			};
			name = Release;
		};
		8C9D8432190E54EC0095D6D4 /* Debug */ = {
			isa = XCBuildConfiguration;
			buildSettings = {
				ASSETCATALOG_COMPILER_APPICON_NAME = AppIcon;
				ASSETCATALOG_COMPILER_LAUNCHIMAGE_NAME = LaunchImage;
				CODE_SIGN_IDENTITY = "iPhone Developer";
				"CODE_SIGN_IDENTITY[sdk=iphoneos*]" = "iPhone Developer";
				GCC_PRECOMPILE_PREFIX_HEADER = YES;
				GCC_PREFIX_HEADER = "DouFm/DouFm-Prefix.pch";
				INFOPLIST_FILE = "DouFm/DouFm-Info.plist";
				PRODUCT_NAME = "$(TARGET_NAME)";
				PROVISIONING_PROFILE = "";
				TARGETED_DEVICE_FAMILY = 1;
				WRAPPER_EXTENSION = app;
			};
			name = Debug;
		};
		8C9D8433190E54EC0095D6D4 /* Release */ = {
			isa = XCBuildConfiguration;
			buildSettings = {
				ASSETCATALOG_COMPILER_APPICON_NAME = AppIcon;
				ASSETCATALOG_COMPILER_LAUNCHIMAGE_NAME = LaunchImage;
				CODE_SIGN_IDENTITY = "iPhone Distribution";
				"CODE_SIGN_IDENTITY[sdk=iphoneos*]" = "iPhone Distribution";
				GCC_PRECOMPILE_PREFIX_HEADER = YES;
				GCC_PREFIX_HEADER = "DouFm/DouFm-Prefix.pch";
				INFOPLIST_FILE = "DouFm/DouFm-Info.plist";
				PRODUCT_NAME = "$(TARGET_NAME)";
				PROVISIONING_PROFILE = "";
				TARGETED_DEVICE_FAMILY = 1;
				WRAPPER_EXTENSION = app;
			};
			name = Release;
		};
		8C9D8435190E54EC0095D6D4 /* Debug */ = {
			isa = XCBuildConfiguration;
			buildSettings = {
				BUNDLE_LOADER = "$(BUILT_PRODUCTS_DIR)/DouFm.app/DouFm";
				FRAMEWORK_SEARCH_PATHS = (
					"$(SDKROOT)/Developer/Library/Frameworks",
					"$(inherited)",
					"$(DEVELOPER_FRAMEWORKS_DIR)",
				);
				GCC_PRECOMPILE_PREFIX_HEADER = YES;
				GCC_PREFIX_HEADER = "DouFm/DouFm-Prefix.pch";
				GCC_PREPROCESSOR_DEFINITIONS = (
					"DEBUG=1",
					"$(inherited)",
				);
				INFOPLIST_FILE = "DouFmTests/DouFmTests-Info.plist";
				PRODUCT_NAME = "$(TARGET_NAME)";
				TEST_HOST = "$(BUNDLE_LOADER)";
				WRAPPER_EXTENSION = xctest;
			};
			name = Debug;
		};
		8C9D8436190E54EC0095D6D4 /* Release */ = {
			isa = XCBuildConfiguration;
			buildSettings = {
				BUNDLE_LOADER = "$(BUILT_PRODUCTS_DIR)/DouFm.app/DouFm";
				FRAMEWORK_SEARCH_PATHS = (
					"$(SDKROOT)/Developer/Library/Frameworks",
					"$(inherited)",
					"$(DEVELOPER_FRAMEWORKS_DIR)",
				);
				GCC_PRECOMPILE_PREFIX_HEADER = YES;
				GCC_PREFIX_HEADER = "DouFm/DouFm-Prefix.pch";
				INFOPLIST_FILE = "DouFmTests/DouFmTests-Info.plist";
				PRODUCT_NAME = "$(TARGET_NAME)";
				TEST_HOST = "$(BUNDLE_LOADER)";
				WRAPPER_EXTENSION = xctest;
			};
			name = Release;
		};
/* End XCBuildConfiguration section */

/* Begin XCConfigurationList section */
		8C9D83FA190E54EB0095D6D4 /* Build configuration list for PBXProject "DouFm" */ = {
			isa = XCConfigurationList;
			buildConfigurations = (
				8C9D842F190E54EC0095D6D4 /* Debug */,
				8C9D8430190E54EC0095D6D4 /* Release */,
			);
			defaultConfigurationIsVisible = 0;
			defaultConfigurationName = Release;
		};
		8C9D8431190E54EC0095D6D4 /* Build configuration list for PBXNativeTarget "DouFM" */ = {
			isa = XCConfigurationList;
			buildConfigurations = (
				8C9D8432190E54EC0095D6D4 /* Debug */,
				8C9D8433190E54EC0095D6D4 /* Release */,
			);
			defaultConfigurationIsVisible = 0;
			defaultConfigurationName = Release;
		};
		8C9D8434190E54EC0095D6D4 /* Build configuration list for PBXNativeTarget "DouFmTests" */ = {
			isa = XCConfigurationList;
			buildConfigurations = (
				8C9D8435190E54EC0095D6D4 /* Debug */,
				8C9D8436190E54EC0095D6D4 /* Release */,
			);
			defaultConfigurationIsVisible = 0;
			defaultConfigurationName = Release;
		};
/* End XCConfigurationList section */
	};
	rootObject = 8C9D83F7190E54EB0095D6D4 /* Project object */;
}
